
Microsoft Visual Studio Solution File, Format Version 12.00
# Visual Studio Version 17
VisualStudioVersion = 17.0.32014.148
MinimumVisualStudioVersion = 10.0.40219.1
Project("{9A19103F-16F7-4668-BE54-9A1E7A4F7556}") = "SchoolProjectCoreWeb", "SchoolProjectCoreWeb\SchoolProjectCoreWeb.csproj", "{AD02E30F-1572-44DA-A282-781C014909CC}"
EndProject
Project("{9A19103F-16F7-4668-BE54-9A1E7A4F7556}") = "DataRepository", "DataRepository\DataRepository.csproj", "{62BE0A58-17DB-4CD4-8C71-177FEB3E2EE5}"
EndProject
Project("{2150E333-8FDC-42A3-9474-1A3956D46DE8}") = "Solution Items", "Solution Items", "{324C4AC3-DBB7-4B89-9689-AB0BD2D954C1}"
	ProjectSection(SolutionItems) = preProject
		.editorconfig = .editorconfig
	EndProjectSection
EndProject
Global
	GlobalSection(SolutionConfigurationPlatforms) = preSolution
		Debug|Any CPU = Debug|Any CPU
		Release|Any CPU = Release|Any CPU
	EndGlobalSection
	GlobalSection(ProjectConfigurationPlatforms) = postSolution
		{AD02E30F-1572-44DA-A282-781C014909CC}.Debug|Any CPU.ActiveCfg = Debug|Any CPU
		{AD02E30F-1572-44DA-A282-781C014909CC}.Debug|Any CPU.Build.0 = Debug|Any CPU
		{AD02E30F-1572-44DA-A282-781C014909CC}.Release|Any CPU.ActiveCfg = Release|Any CPU
		{AD02E30F-1572-44DA-A282-781C014909CC}.Release|Any CPU.Build.0 = Release|Any CPU
		{62BE0A58-17DB-4CD4-8C71-177FEB3E2EE5}.Debug|Any CPU.ActiveCfg = Debug|Any CPU
		{62BE0A58-17DB-4CD4-8C71-177FEB3E2EE5}.Debug|Any CPU.Build.0 = Debug|Any CPU
		{62BE0A58-17DB-4CD4-8C71-177FEB3E2EE5}.Release|Any CPU.ActiveCfg = Release|Any CPU
		{62BE0A58-17DB-4CD4-8C71-177FEB3E2EE5}.Release|Any CPU.Build.0 = Release|Any CPU
	EndGlobalSection
	GlobalSection(SolutionProperties) = preSolution
		HideSolutionNode = FALSE
	EndGlobalSection
	GlobalSection(ExtensibilityGlobals) = postSolution
		SolutionGuid = {3BAE46C6-B9AC-4F10-873C-A77BA455726B}
	EndGlobalSection
EndGlobal
